
Microsoft Visual Studio Solution File, Format Version 11.00
# Visual Studio 2010
Project("{FAE04EC0-301F-11D3-BF4B-00C04F79EFBC}") = "Assembly-CSharp", "Assembly-CSharp.csproj", "{51A6D348-DE4E-B6C9-348F-FC3C8EC30F13}"
EndProject
Project("{FAE04EC0-301F-11D3-BF4B-00C04F79EFBC}") = "Assembly-CSharp-firstpass", "Assembly-CSharp-firstpass.csproj", "{8B58AA80-62F9-AFB0-2FE4-7A94A874EC48}"
EndProject
Project("{FAE04EC0-301F-11D3-BF4B-00C04F79EFBC}") = "Assembly-CSharp-Editor-firstpass", "Assembly-CSharp-Editor-firstpass.csproj", "{8704264C-94E9-07B9-EFDC-B62C02F3BD41}"
EndProject
Global
	GlobalSection(SolutionConfigurationPlatforms) = preSolution
		Debug|Any CPU = Debug|Any CPU
		Release|Any CPU = Release|Any CPU
	EndGlobalSection
	GlobalSection(ProjectConfigurationPlatforms) = postSolution
		{51A6D348-DE4E-B6C9-348F-FC3C8EC30F13}.Debug|Any CPU.ActiveCfg = Debug|Any CPU
		{51A6D348-DE4E-B6C9-348F-FC3C8EC30F13}.Debug|Any CPU.Build.0 = Debug|Any CPU
		{51A6D348-DE4E-B6C9-348F-FC3C8EC30F13}.Release|Any CPU.ActiveCfg = Release|Any CPU
		{51A6D348-DE4E-B6C9-348F-FC3C8EC30F13}.Release|Any CPU.Build.0 = Release|Any CPU
		{8B58AA80-62F9-AFB0-2FE4-7A94A874EC48}.Debug|Any CPU.ActiveCfg = Debug|Any CPU
		{8B58AA80-62F9-AFB0-2FE4-7A94A874EC48}.Debug|Any CPU.Build.0 = Debug|Any CPU
		{8B58AA80-62F9-AFB0-2FE4-7A94A874EC48}.Release|Any CPU.ActiveCfg = Release|Any CPU
		{8B58AA80-62F9-AFB0-2FE4-7A94A874EC48}.Release|Any CPU.Build.0 = Release|Any CPU
		{8704264C-94E9-07B9-EFDC-B62C02F3BD41}.Debug|Any CPU.ActiveCfg = Debug|Any CPU
		{8704264C-94E9-07B9-EFDC-B62C02F3BD41}.Debug|Any CPU.Build.0 = Debug|Any CPU
		{8704264C-94E9-07B9-EFDC-B62C02F3BD41}.Release|Any CPU.ActiveCfg = Release|Any CPU
		{8704264C-94E9-07B9-EFDC-B62C02F3BD41}.Release|Any CPU.Build.0 = Release|Any CPU
	EndGlobalSection
	GlobalSection(SolutionProperties) = preSolution
		HideSolutionNode = FALSE
	EndGlobalSection
	GlobalSection(MonoDevelopProperties) = preSolution
		StartupItem = Assembly-CSharp.csproj
	EndGlobalSection
EndGlobal
